
Microsoft Visual Studio Solution File, Format Version 12.00
# Visual Studio Version 16
VisualStudioVersion = 16.0.31112.23
MinimumVisualStudioVersion = 10.0.40219.1
Project("{FAE04EC0-301F-11D3-BF4B-00C04F79EFBC}") = "okul kat yerleştirme planı", "okul kat yerleştirme planı\okul kat yerleştirme planı.csproj", "{A6721CBF-70C1-49BF-9472-472A385204F3}"
EndProject
Global
	GlobalSection(SolutionConfigurationPlatforms) = preSolution
		Debug|Any CPU = Debug|Any CPU
		Release|Any CPU = Release|Any CPU
	EndGlobalSection
	GlobalSection(ProjectConfigurationPlatforms) = postSolution
		{A6721CBF-70C1-49BF-9472-472A385204F3}.Debug|Any CPU.ActiveCfg = Debug|Any CPU
		{A6721CBF-70C1-49BF-9472-472A385204F3}.Debug|Any CPU.Build.0 = Debug|Any CPU
		{A6721CBF-70C1-49BF-9472-472A385204F3}.Release|Any CPU.ActiveCfg = Release|Any CPU
		{A6721CBF-70C1-49BF-9472-472A385204F3}.Release|Any CPU.Build.0 = Release|Any CPU
	EndGlobalSection
	GlobalSection(SolutionProperties) = preSolution
		HideSolutionNode = FALSE
	EndGlobalSection
	GlobalSection(ExtensibilityGlobals) = postSolution
		SolutionGuid = {4ADA0E19-7ED9-4865-A48B-C019B51D3122}
	EndGlobalSection
EndGlobal
